# This file is automatically @generated by Wally.
# It is not intended for manual editing.
registry = "test"

[[package]]
name = "hgta1287dev/ordered-collections"
version = "1.0.0"
dependencies = [["OrderedSet", "hgta1287dev/ordered-set@1.2.0"]]

[[package]]
name = "hgta1287dev/ordered-set"
version = "1.2.0"
dependencies = []
